// !$*UTF8*$!
{
	archiveVersion = 1;
	classes = {
	};
	objectVersion = 56;
	objects = {

/* Begin PBXBuildFile section */
		2E115158292EAEAB008E0501 /* AppDelegate.swift in Sources */ = {isa = PBXBuildFile; fileRef = 2E115157292EAEAB008E0501 /* AppDelegate.swift */; };
		2E115161292EAEAC008E0501 /* Assets.xcassets in Resources */ = {isa = PBXBuildFile; fileRef = 2E115160292EAEAC008E0501 /* Assets.xcassets */; };
		2E115164292EAEAC008E0501 /* LaunchScreen.storyboard in Resources */ = {isa = PBXBuildFile; fileRef = 2E115162292EAEAC008E0501 /* LaunchScreen.storyboard */; };
		2E1D8D75292F6E49000491FE /* DetailVC.swift in Sources */ = {isa = PBXBuildFile; fileRef = 2E1D8D73292F6E49000491FE /* DetailVC.swift */; };
		2E1D8D76292F6E49000491FE /* DetailVC.xib in Resources */ = {isa = PBXBuildFile; fileRef = 2E1D8D74292F6E49000491FE /* DetailVC.xib */; };
		2E1D8D7B292F754C000491FE /* ItemsCVC.swift in Sources */ = {isa = PBXBuildFile; fileRef = 2E1D8D79292F754C000491FE /* ItemsCVC.swift */; };
		2E1D8D7C292F754C000491FE /* ItemsCVC.xib in Resources */ = {isa = PBXBuildFile; fileRef = 2E1D8D7A292F754C000491FE /* ItemsCVC.xib */; };
		2E1D8D7F292F756C000491FE /* ItemsTVC.swift in Sources */ = {isa = PBXBuildFile; fileRef = 2E1D8D7D292F756C000491FE /* ItemsTVC.swift */; };
		2E1D8D80292F756C000491FE /* ItemsTVC.xib in Resources */ = {isa = PBXBuildFile; fileRef = 2E1D8D7E292F756C000491FE /* ItemsTVC.xib */; };
		2E1D8D85292F83BA000491FE /* SearchTVC.swift in Sources */ = {isa = PBXBuildFile; fileRef = 2E1D8D83292F83BA000491FE /* SearchTVC.swift */; };
		2E1D8D86292F83BA000491FE /* SearchTVC.xib in Resources */ = {isa = PBXBuildFile; fileRef = 2E1D8D84292F83BA000491FE /* SearchTVC.xib */; };
		2E1D8D8D292F8783000491FE /* WeatherForTAbleViewDM.swift in Sources */ = {isa = PBXBuildFile; fileRef = 2E1D8D8C292F8783000491FE /* WeatherForTAbleViewDM.swift */; };
		2E1D8D8F292F8792000491FE /* WeatherForCollectionViewDM.swift in Sources */ = {isa = PBXBuildFile; fileRef = 2E1D8D8E292F8792000491FE /* WeatherForCollectionViewDM.swift */; };
		2E1D8D91292F87DD000491FE /* SearchDM.swift in Sources */ = {isa = PBXBuildFile; fileRef = 2E1D8D90292F87DD000491FE /* SearchDM.swift */; };
		2E50C9EB292F21D600D52144 /* HomeVC.swift in Sources */ = {isa = PBXBuildFile; fileRef = 2E50C9E9292F21D600D52144 /* HomeVC.swift */; };
		2E50C9EC292F21D600D52144 /* HomeVC.xib in Resources */ = {isa = PBXBuildFile; fileRef = 2E50C9EA292F21D600D52144 /* HomeVC.xib */; };
		2E50C9F3292F222100D52144 /* SearchVC.swift in Sources */ = {isa = PBXBuildFile; fileRef = 2E50C9F1292F222100D52144 /* SearchVC.swift */; };
		2E50C9F4292F222100D52144 /* SearchVC.xib in Resources */ = {isa = PBXBuildFile; fileRef = 2E50C9F2292F222100D52144 /* SearchVC.xib */; };
		2E50C9F7292F223B00D52144 /* NotificationVC.swift in Sources */ = {isa = PBXBuildFile; fileRef = 2E50C9F5292F223B00D52144 /* NotificationVC.swift */; };
		2E50C9F8292F223B00D52144 /* NotificationVC.xib in Resources */ = {isa = PBXBuildFile; fileRef = 2E50C9F6292F223B00D52144 /* NotificationVC.xib */; };
		2E50C9FA292F258400D52144 /* EX+UIView.swift in Sources */ = {isa = PBXBuildFile; fileRef = 2E50C9F9292F258400D52144 /* EX+UIView.swift */; };
/* End PBXBuildFile section */

/* Begin PBXFileReference section */
		2E115154292EAEAB008E0501 /* weatherApp.app */ = {isa = PBXFileReference; explicitFileType = wrapper.application; includeInIndex = 0; path = weatherApp.app; sourceTree = BUILT_PRODUCTS_DIR; };
		2E115157292EAEAB008E0501 /* AppDelegate.swift */ = {isa = PBXFileReference; lastKnownFileType = sourcecode.swift; path = AppDelegate.swift; sourceTree = "<group>"; };
		2E115160292EAEAC008E0501 /* Assets.xcassets */ = {isa = PBXFileReference; lastKnownFileType = folder.assetcatalog; path = Assets.xcassets; sourceTree = "<group>"; };
		2E115163292EAEAC008E0501 /* Base */ = {isa = PBXFileReference; lastKnownFileType = file.storyboard; name = Base; path = Base.lproj/LaunchScreen.storyboard; sourceTree = "<group>"; };
		2E115165292EAEAC008E0501 /* Info.plist */ = {isa = PBXFileReference; lastKnownFileType = text.plist.xml; path = Info.plist; sourceTree = "<group>"; };
		2E1D8D73292F6E49000491FE /* DetailVC.swift */ = {isa = PBXFileReference; lastKnownFileType = sourcecode.swift; path = DetailVC.swift; sourceTree = "<group>"; };
		2E1D8D74292F6E49000491FE /* DetailVC.xib */ = {isa = PBXFileReference; lastKnownFileType = file.xib; path = DetailVC.xib; sourceTree = "<group>"; };
		2E1D8D79292F754C000491FE /* ItemsCVC.swift */ = {isa = PBXFileReference; lastKnownFileType = sourcecode.swift; path = ItemsCVC.swift; sourceTree = "<group>"; };
		2E1D8D7A292F754C000491FE /* ItemsCVC.xib */ = {isa = PBXFileReference; lastKnownFileType = file.xib; path = ItemsCVC.xib; sourceTree = "<group>"; };
		2E1D8D7D292F756C000491FE /* ItemsTVC.swift */ = {isa = PBXFileReference; lastKnownFileType = sourcecode.swift; path = ItemsTVC.swift; sourceTree = "<group>"; };
		2E1D8D7E292F756C000491FE /* ItemsTVC.xib */ = {isa = PBXFileReference; lastKnownFileType = file.xib; path = ItemsTVC.xib; sourceTree = "<group>"; };
		2E1D8D83292F83BA000491FE /* SearchTVC.swift */ = {isa = PBXFileReference; lastKnownFileType = sourcecode.swift; path = SearchTVC.swift; sourceTree = "<group>"; };
		2E1D8D84292F83BA000491FE /* SearchTVC.xib */ = {isa = PBXFileReference; lastKnownFileType = file.xib; path = SearchTVC.xib; sourceTree = "<group>"; };
		2E1D8D8C292F8783000491FE /* WeatherForTAbleViewDM.swift */ = {isa = PBXFileReference; lastKnownFileType = sourcecode.swift; path = WeatherForTAbleViewDM.swift; sourceTree = "<group>"; };
		2E1D8D8E292F8792000491FE /* WeatherForCollectionViewDM.swift */ = {isa = PBXFileReference; lastKnownFileType = sourcecode.swift; path = WeatherForCollectionViewDM.swift; sourceTree = "<group>"; };
		2E1D8D90292F87DD000491FE /* SearchDM.swift */ = {isa = PBXFileReference; lastKnownFileType = sourcecode.swift; path = SearchDM.swift; sourceTree = "<group>"; };
		2E50C9E9292F21D600D52144 /* HomeVC.swift */ = {isa = PBXFileReference; lastKnownFileType = sourcecode.swift; path = HomeVC.swift; sourceTree = "<group>"; };
		2E50C9EA292F21D600D52144 /* HomeVC.xib */ = {isa = PBXFileReference; lastKnownFileType = file.xib; path = HomeVC.xib; sourceTree = "<group>"; };
		2E50C9F1292F222100D52144 /* SearchVC.swift */ = {isa = PBXFileReference; lastKnownFileType = sourcecode.swift; path = SearchVC.swift; sourceTree = "<group>"; };
		2E50C9F2292F222100D52144 /* SearchVC.xib */ = {isa = PBXFileReference; lastKnownFileType = file.xib; path = SearchVC.xib; sourceTree = "<group>"; };
		2E50C9F5292F223B00D52144 /* NotificationVC.swift */ = {isa = PBXFileReference; lastKnownFileType = sourcecode.swift; path = NotificationVC.swift; sourceTree = "<group>"; };
		2E50C9F6292F223B00D52144 /* NotificationVC.xib */ = {isa = PBXFileReference; lastKnownFileType = file.xib; path = NotificationVC.xib; sourceTree = "<group>"; };
		2E50C9F9292F258400D52144 /* EX+UIView.swift */ = {isa = PBXFileReference; lastKnownFileType = sourcecode.swift; path = "EX+UIView.swift"; sourceTree = "<group>"; };
/* End PBXFileReference section */

/* Begin PBXFrameworksBuildPhase section */
		2E115151292EAEAB008E0501 /* Frameworks */ = {
			isa = PBXFrameworksBuildPhase;
			buildActionMask = 2147483647;
			files = (
			);
			runOnlyForDeploymentPostprocessing = 0;
		};
/* End PBXFrameworksBuildPhase section */

/* Begin PBXGroup section */
		2E11514B292EAEAB008E0501 = {
			isa = PBXGroup;
			children = (
				2E115156292EAEAB008E0501 /* weatherApp */,
				2E115155292EAEAB008E0501 /* Products */,
			);
			sourceTree = "<group>";
		};
		2E115155292EAEAB008E0501 /* Products */ = {
			isa = PBXGroup;
			children = (
				2E115154292EAEAB008E0501 /* weatherApp.app */,
			);
			name = Products;
			sourceTree = "<group>";
		};
		2E115156292EAEAB008E0501 /* weatherApp */ = {
			isa = PBXGroup;
			children = (
				2E1D8D8B292F8758000491FE /* Extensions */,
				2E1D8D8A292F8711000491FE /* CVCs */,
				2E1D8D89292F870A000491FE /* TVCs */,
				2E1D8D88292F8702000491FE /* VCs */,
				2E1D8D87292F86F3000491FE /* DMs */,
				2E115157292EAEAB008E0501 /* AppDelegate.swift */,
				2E115160292EAEAC008E0501 /* Assets.xcassets */,
				2E115162292EAEAC008E0501 /* LaunchScreen.storyboard */,
				2E115165292EAEAC008E0501 /* Info.plist */,
			);
			path = weatherApp;
			sourceTree = "<group>";
		};
		2E1D8D87292F86F3000491FE /* DMs */ = {
			isa = PBXGroup;
			children = (
				2E1D8D90292F87DD000491FE /* SearchDM.swift */,
				2E1D8D8C292F8783000491FE /* WeatherForTAbleViewDM.swift */,
				2E1D8D8E292F8792000491FE /* WeatherForCollectionViewDM.swift */,
			);
			path = DMs;
			sourceTree = "<group>";
		};
		2E1D8D88292F8702000491FE /* VCs */ = {
			isa = PBXGroup;
			children = (
				2E50C9E9292F21D600D52144 /* HomeVC.swift */,
				2E50C9EA292F21D600D52144 /* HomeVC.xib */,
				2E50C9F1292F222100D52144 /* SearchVC.swift */,
				2E50C9F2292F222100D52144 /* SearchVC.xib */,
				2E50C9F5292F223B00D52144 /* NotificationVC.swift */,
				2E50C9F6292F223B00D52144 /* NotificationVC.xib */,
				2E1D8D73292F6E49000491FE /* DetailVC.swift */,
				2E1D8D74292F6E49000491FE /* DetailVC.xib */,
			);
			path = VCs;
			sourceTree = "<group>";
		};
		2E1D8D89292F870A000491FE /* TVCs */ = {
			isa = PBXGroup;
			children = (
				2E1D8D7D292F756C000491FE /* ItemsTVC.swift */,
				2E1D8D7E292F756C000491FE /* ItemsTVC.xib */,
				2E1D8D83292F83BA000491FE /* SearchTVC.swift */,
				2E1D8D84292F83BA000491FE /* SearchTVC.xib */,
			);
			path = TVCs;
			sourceTree = "<group>";
		};
		2E1D8D8A292F8711000491FE /* CVCs */ = {
			isa = PBXGroup;
			children = (
				2E1D8D79292F754C000491FE /* ItemsCVC.swift */,
				2E1D8D7A292F754C000491FE /* ItemsCVC.xib */,
			);
			path = CVCs;
			sourceTree = "<group>";
		};
		2E1D8D8B292F8758000491FE /* Extensions */ = {
			isa = PBXGroup;
			children = (
				2E50C9F9292F258400D52144 /* EX+UIView.swift */,
			);
			path = Extensions;
			sourceTree = "<group>";
		};
/* End PBXGroup section */

/* Begin PBXNativeTarget section */
		2E115153292EAEAB008E0501 /* weatherApp */ = {
			isa = PBXNativeTarget;
			buildConfigurationList = 2E115168292EAEAC008E0501 /* Build configuration list for PBXNativeTarget "weatherApp" */;
			buildPhases = (
				2E115150292EAEAB008E0501 /* Sources */,
				2E115151292EAEAB008E0501 /* Frameworks */,
				2E115152292EAEAB008E0501 /* Resources */,
			);
			buildRules = (
			);
			dependencies = (
			);
			name = weatherApp;
			productName = weatherApp;
			productReference = 2E115154292EAEAB008E0501 /* weatherApp.app */;
			productType = "com.apple.product-type.application";
		};
/* End PBXNativeTarget section */

/* Begin PBXProject section */
		2E11514C292EAEAB008E0501 /* Project object */ = {
			isa = PBXProject;
			attributes = {
				BuildIndependentTargetsInParallel = 1;
				LastSwiftUpdateCheck = 1410;
				LastUpgradeCheck = 1410;
				TargetAttributes = {
					2E115153292EAEAB008E0501 = {
						CreatedOnToolsVersion = 14.1;
					};
				};
			};
			buildConfigurationList = 2E11514F292EAEAB008E0501 /* Build configuration list for PBXProject "weatherApp" */;
			compatibilityVersion = "Xcode 14.0";
			developmentRegion = en;
			hasScannedForEncodings = 0;
			knownRegions = (
				en,
				Base,
			);
			mainGroup = 2E11514B292EAEAB008E0501;
			productRefGroup = 2E115155292EAEAB008E0501 /* Products */;
			projectDirPath = "";
			projectRoot = "";
			targets = (
				2E115153292EAEAB008E0501 /* weatherApp */,
			);
		};
/* End PBXProject section */

/* Begin PBXResourcesBuildPhase section */
		2E115152292EAEAB008E0501 /* Resources */ = {
			isa = PBXResourcesBuildPhase;
			buildActionMask = 2147483647;
			files = (
				2E50C9F4292F222100D52144 /* SearchVC.xib in Resources */,
				2E1D8D76292F6E49000491FE /* DetailVC.xib in Resources */,
				2E115164292EAEAC008E0501 /* LaunchScreen.storyboard in Resources */,
				2E50C9EC292F21D600D52144 /* HomeVC.xib in Resources */,
				2E1D8D80292F756C000491FE /* ItemsTVC.xib in Resources */,
				2E1D8D86292F83BA000491FE /* SearchTVC.xib in Resources */,
				2E1D8D7C292F754C000491FE /* ItemsCVC.xib in Resources */,
				2E115161292EAEAC008E0501 /* Assets.xcassets in Resources */,
				2E50C9F8292F223B00D52144 /* NotificationVC.xib in Resources */,
			);
			runOnlyForDeploymentPostprocessing = 0;
		};
/* End PBXResourcesBuildPhase section */

/* Begin PBXSourcesBuildPhase section */
		2E115150292EAEAB008E0501 /* Sources */ = {
			isa = PBXSourcesBuildPhase;
			buildActionMask = 2147483647;
			files = (
				2E1D8D91292F87DD000491FE /* SearchDM.swift in Sources */,
				2E1D8D7F292F756C000491FE /* ItemsTVC.swift in Sources */,
				2E50C9F3292F222100D52144 /* SearchVC.swift in Sources */,
				2E50C9FA292F258400D52144 /* EX+UIView.swift in Sources */,
				2E50C9F7292F223B00D52144 /* NotificationVC.swift in Sources */,
				2E115158292EAEAB008E0501 /* AppDelegate.swift in Sources */,
				2E1D8D85292F83BA000491FE /* SearchTVC.swift in Sources */,
				2E1D8D7B292F754C000491FE /* ItemsCVC.swift in Sources */,
				2E1D8D8F292F8792000491FE /* WeatherForCollectionViewDM.swift in Sources */,
				2E1D8D8D292F8783000491FE /* WeatherForTAbleViewDM.swift in Sources */,
				2E50C9EB292F21D600D52144 /* HomeVC.swift in Sources */,
				2E1D8D75292F6E49000491FE /* DetailVC.swift in Sources */,
			);
			runOnlyForDeploymentPostprocessing = 0;
		};
/* End PBXSourcesBuildPhase section */

/* Begin PBXVariantGroup section */
		2E115162292EAEAC008E0501 /* LaunchScreen.storyboard */ = {
			isa = PBXVariantGroup;
			children = (
				2E115163292EAEAC008E0501 /* Base */,
			);
			name = LaunchScreen.storyboard;
			sourceTree = "<group>";
		};
/* End PBXVariantGroup section */

/* Begin XCBuildConfiguration section */
		2E115166292EAEAC008E0501 /* Debug */ = {
			isa = XCBuildConfiguration;
			buildSettings = {
				ALWAYS_SEARCH_USER_PATHS = NO;
				CLANG_ANALYZER_NONNULL = YES;
				CLANG_ANALYZER_NUMBER_OBJECT_CONVERSION = YES_AGGRESSIVE;
				CLANG_CXX_LANGUAGE_STANDARD = "gnu++20";
				CLANG_ENABLE_MODULES = YES;
				CLANG_ENABLE_OBJC_ARC = YES;
				CLANG_ENABLE_OBJC_WEAK = YES;
				CLANG_WARN_BLOCK_CAPTURE_AUTORELEASING = YES;
				CLANG_WARN_BOOL_CONVERSION = YES;
				CLANG_WARN_COMMA = YES;
				CLANG_WARN_CONSTANT_CONVERSION = YES;
				CLANG_WARN_DEPRECATED_OBJC_IMPLEMENTATIONS = YES;
				CLANG_WARN_DIRECT_OBJC_ISA_USAGE = YES_ERROR;
				CLANG_WARN_DOCUMENTATION_COMMENTS = YES;
				CLANG_WARN_EMPTY_BODY = YES;
				CLANG_WARN_ENUM_CONVERSION = YES;
				CLANG_WARN_INFINITE_RECURSION = YES;
				CLANG_WARN_INT_CONVERSION = YES;
				CLANG_WARN_NON_LITERAL_NULL_CONVERSION = YES;
				CLANG_WARN_OBJC_IMPLICIT_RETAIN_SELF = YES;
				CLANG_WARN_OBJC_LITERAL_CONVERSION = YES;
				CLANG_WARN_OBJC_ROOT_CLASS = YES_ERROR;
				CLANG_WARN_QUOTED_INCLUDE_IN_FRAMEWORK_HEADER = YES;
				CLANG_WARN_RANGE_LOOP_ANALYSIS = YES;
				CLANG_WARN_STRICT_PROTOTYPES = YES;
				CLANG_WARN_SUSPICIOUS_MOVE = YES;
				CLANG_WARN_UNGUARDED_AVAILABILITY = YES_AGGRESSIVE;
				CLANG_WARN_UNREACHABLE_CODE = YES;
				CLANG_WARN__DUPLICATE_METHOD_MATCH = YES;
				COPY_PHASE_STRIP = NO;
				DEBUG_INFORMATION_FORMAT = dwarf;
				ENABLE_STRICT_OBJC_MSGSEND = YES;
				ENABLE_TESTABILITY = YES;
				GCC_C_LANGUAGE_STANDARD = gnu11;
				GCC_DYNAMIC_NO_PIC = NO;
				GCC_NO_COMMON_BLOCKS = YES;
				GCC_OPTIMIZATION_LEVEL = 0;
				GCC_PREPROCESSOR_DEFINITIONS = (
					"DEBUG=1",
					"$(inherited)",
				);
				GCC_WARN_64_TO_32_BIT_CONVERSION = YES;
				GCC_WARN_ABOUT_RETURN_TYPE = YES_ERROR;
				GCC_WARN_UNDECLARED_SELECTOR = YES;
				GCC_WARN_UNINITIALIZED_AUTOS = YES_AGGRESSIVE;
				GCC_WARN_UNUSED_FUNCTION = YES;
				GCC_WARN_UNUSED_VARIABLE = YES;
				IPHONEOS_DEPLOYMENT_TARGET = 16.1;
				MTL_ENABLE_DEBUG_INFO = INCLUDE_SOURCE;
				MTL_FAST_MATH = YES;
				ONLY_ACTIVE_ARCH = YES;
				SDKROOT = iphoneos;
				SWIFT_ACTIVE_COMPILATION_CONDITIONS = DEBUG;
				SWIFT_OPTIMIZATION_LEVEL = "-Onone";
			};
			name = Debug;
		};
		2E115167292EAEAC008E0501 /* Release */ = {
			isa = XCBuildConfiguration;
			buildSettings = {
				ALWAYS_SEARCH_USER_PATHS = NO;
				CLANG_ANALYZER_NONNULL = YES;
				CLANG_ANALYZER_NUMBER_OBJECT_CONVERSION = YES_AGGRESSIVE;
				CLANG_CXX_LANGUAGE_STANDARD = "gnu++20";
				CLANG_ENABLE_MODULES = YES;
				CLANG_ENABLE_OBJC_ARC = YES;
				CLANG_ENABLE_OBJC_WEAK = YES;
				CLANG_WARN_BLOCK_CAPTURE_AUTORELEASING = YES;
				CLANG_WARN_BOOL_CONVERSION = YES;
				CLANG_WARN_COMMA = YES;
				CLANG_WARN_CONSTANT_CONVERSION = YES;
				CLANG_WARN_DEPRECATED_OBJC_IMPLEMENTATIONS = YES;
				CLANG_WARN_DIRECT_OBJC_ISA_USAGE = YES_ERROR;
				CLANG_WARN_DOCUMENTATION_COMMENTS = YES;
				CLANG_WARN_EMPTY_BODY = YES;
				CLANG_WARN_ENUM_CONVERSION = YES;
				CLANG_WARN_INFINITE_RECURSION = YES;
				CLANG_WARN_INT_CONVERSION = YES;
				CLANG_WARN_NON_LITERAL_NULL_CONVERSION = YES;
				CLANG_WARN_OBJC_IMPLICIT_RETAIN_SELF = YES;
				CLANG_WARN_OBJC_LITERAL_CONVERSION = YES;
				CLANG_WARN_OBJC_ROOT_CLASS = YES_ERROR;
				CLANG_WARN_QUOTED_INCLUDE_IN_FRAMEWORK_HEADER = YES;
				CLANG_WARN_RANGE_LOOP_ANALYSIS = YES;
				CLANG_WARN_STRICT_PROTOTYPES = YES;
				CLANG_WARN_SUSPICIOUS_MOVE = YES;
				CLANG_WARN_UNGUARDED_AVAILABILITY = YES_AGGRESSIVE;
				CLANG_WARN_UNREACHABLE_CODE = YES;
				CLANG_WARN__DUPLICATE_METHOD_MATCH = YES;
				COPY_PHASE_STRIP = NO;
				DEBUG_INFORMATION_FORMAT = "dwarf-with-dsym";
				ENABLE_NS_ASSERTIONS = NO;
				ENABLE_STRICT_OBJC_MSGSEND = YES;
				GCC_C_LANGUAGE_STANDARD = gnu11;
				GCC_NO_COMMON_BLOCKS = YES;
				GCC_WARN_64_TO_32_BIT_CONVERSION = YES;
				GCC_WARN_ABOUT_RETURN_TYPE = YES_ERROR;
				GCC_WARN_UNDECLARED_SELECTOR = YES;
				GCC_WARN_UNINITIALIZED_AUTOS = YES_AGGRESSIVE;
				GCC_WARN_UNUSED_FUNCTION = YES;
				GCC_WARN_UNUSED_VARIABLE = YES;
				IPHONEOS_DEPLOYMENT_TARGET = 16.1;
				MTL_ENABLE_DEBUG_INFO = NO;
				MTL_FAST_MATH = YES;
				SDKROOT = iphoneos;
				SWIFT_COMPILATION_MODE = wholemodule;
				SWIFT_OPTIMIZATION_LEVEL = "-O";
				VALIDATE_PRODUCT = YES;
			};
			name = Release;
		};
		2E115169292EAEAC008E0501 /* Debug */ = {
			isa = XCBuildConfiguration;
			buildSettings = {
				ASSETCATALOG_COMPILER_APPICON_NAME = AppIcon;
				ASSETCATALOG_COMPILER_GLOBAL_ACCENT_COLOR_NAME = AccentColor;
				CODE_SIGN_STYLE = Automatic;
				CURRENT_PROJECT_VERSION = 1;
				GENERATE_INFOPLIST_FILE = YES;
				INFOPLIST_FILE = weatherApp/Info.plist;
				INFOPLIST_KEY_UIApplicationSupportsIndirectInputEvents = YES;
				INFOPLIST_KEY_UILaunchStoryboardName = LaunchScreen;
				INFOPLIST_KEY_UIMainStoryboardFile = "";
				INFOPLIST_KEY_UISupportedInterfaceOrientations_iPad = "UIInterfaceOrientationPortrait UIInterfaceOrientationPortraitUpsideDown UIInterfaceOrientationLandscapeLeft UIInterfaceOrientationLandscapeRight";
				INFOPLIST_KEY_UISupportedInterfaceOrientations_iPhone = "UIInterfaceOrientationPortrait UIInterfaceOrientationLandscapeLeft UIInterfaceOrientationLandscapeRight";
				LD_RUNPATH_SEARCH_PATHS = (
					"$(inherited)",
					"@executable_path/Frameworks",
				);
				MARKETING_VERSION = 1.0;
				PRODUCT_BUNDLE_IDENTIFIER = com.panjiyev.weatherApp;
				PRODUCT_NAME = "$(TARGET_NAME)";
				SWIFT_EMIT_LOC_STRINGS = YES;
				SWIFT_VERSION = 5.0;
				TARGETED_DEVICE_FAMILY = "1,2";
			};
			name = Debug;
		};
		2E11516A292EAEAC008E0501 /* Release */ = {
			isa = XCBuildConfiguration;
			buildSettings = {
				ASSETCATALOG_COMPILER_APPICON_NAME = AppIcon;
				ASSETCATALOG_COMPILER_GLOBAL_ACCENT_COLOR_NAME = AccentColor;
				CODE_SIGN_STYLE = Automatic;
				CURRENT_PROJECT_VERSION = 1;
				GENERATE_INFOPLIST_FILE = YES;
				INFOPLIST_FILE = weatherApp/Info.plist;
				INFOPLIST_KEY_UIApplicationSupportsIndirectInputEvents = YES;
				INFOPLIST_KEY_UILaunchStoryboardName = LaunchScreen;
				INFOPLIST_KEY_UIMainStoryboardFile = "";
				INFOPLIST_KEY_UISupportedInterfaceOrientations_iPad = "UIInterfaceOrientationPortrait UIInterfaceOrientationPortraitUpsideDown UIInterfaceOrientationLandscapeLeft UIInterfaceOrientationLandscapeRight";
				INFOPLIST_KEY_UISupportedInterfaceOrientations_iPhone = "UIInterfaceOrientationPortrait UIInterfaceOrientationLandscapeLeft UIInterfaceOrientationLandscapeRight";
				LD_RUNPATH_SEARCH_PATHS = (
					"$(inherited)",
					"@executable_path/Frameworks",
				);
				MARKETING_VERSION = 1.0;
				PRODUCT_BUNDLE_IDENTIFIER = com.panjiyev.weatherApp;
				PRODUCT_NAME = "$(TARGET_NAME)";
				SWIFT_EMIT_LOC_STRINGS = YES;
				SWIFT_VERSION = 5.0;
				TARGETED_DEVICE_FAMILY = "1,2";
			};
			name = Release;
		};
/* End XCBuildConfiguration section */

/* Begin XCConfigurationList section */
		2E11514F292EAEAB008E0501 /* Build configuration list for PBXProject "weatherApp" */ = {
			isa = XCConfigurationList;
			buildConfigurations = (
				2E115166292EAEAC008E0501 /* Debug */,
				2E115167292EAEAC008E0501 /* Release */,
			);
			defaultConfigurationIsVisible = 0;
			defaultConfigurationName = Release;
		};
		2E115168292EAEAC008E0501 /* Build configuration list for PBXNativeTarget "weatherApp" */ = {
			isa = XCConfigurationList;
			buildConfigurations = (
				2E115169292EAEAC008E0501 /* Debug */,
				2E11516A292EAEAC008E0501 /* Release */,
			);
			defaultConfigurationIsVisible = 0;
			defaultConfigurationName = Release;
		};
/* End XCConfigurationList section */
	};
	rootObject = 2E11514C292EAEAB008E0501 /* Project object */;
}
